
Microsoft Visual Studio Solution File, Format Version 12.00
# Visual Studio Version 17
VisualStudioVersion = 17.8.34525.116
MinimumVisualStudioVersion = 10.0.40219.1
Project("{9A19103F-16F7-4668-BE54-9A1E7A4F7556}") = "WebShopKnjiga", "WebShopKnjiga.csproj", "{00E40697-FDDB-497B-830E-932CB788881F}"
EndProject
Project("{FAE04EC0-301F-11D3-BF4B-00C04F79EFBC}") = "WebShopKnjiga.DataAccess", "..\WebShopKnjiga.DataAccess\WebShopKnjiga.DataAccess.csproj", "{6BB2EDD8-C264-4872-B60C-8C6827272F23}"
EndProject
Project("{FAE04EC0-301F-11D3-BF4B-00C04F79EFBC}") = "WebShopKnjiga.Models", "..\WebShopKnjiga.Models\WebShopKnjiga.Models.csproj", "{89629700-D0C1-4794-A462-2D2AF3AA5B81}"
EndProject
Project("{FAE04EC0-301F-11D3-BF4B-00C04F79EFBC}") = "WebShopKnjiga.Utility", "..\WebShopKnjiga.Utility\WebShopKnjiga.Utility.csproj", "{6ED5028D-9267-4929-9778-AEF7E42253FA}"
EndProject
Global
	GlobalSection(SolutionConfigurationPlatforms) = preSolution
		Debug|Any CPU = Debug|Any CPU
		Release|Any CPU = Release|Any CPU
	EndGlobalSection
	GlobalSection(ProjectConfigurationPlatforms) = postSolution
		{00E40697-FDDB-497B-830E-932CB788881F}.Debug|Any CPU.ActiveCfg = Debug|Any CPU
		{00E40697-FDDB-497B-830E-932CB788881F}.Debug|Any CPU.Build.0 = Debug|Any CPU
		{00E40697-FDDB-497B-830E-932CB788881F}.Release|Any CPU.ActiveCfg = Release|Any CPU
		{00E40697-FDDB-497B-830E-932CB788881F}.Release|Any CPU.Build.0 = Release|Any CPU
		{6BB2EDD8-C264-4872-B60C-8C6827272F23}.Debug|Any CPU.ActiveCfg = Debug|Any CPU
		{6BB2EDD8-C264-4872-B60C-8C6827272F23}.Debug|Any CPU.Build.0 = Debug|Any CPU
		{6BB2EDD8-C264-4872-B60C-8C6827272F23}.Release|Any CPU.ActiveCfg = Release|Any CPU
		{6BB2EDD8-C264-4872-B60C-8C6827272F23}.Release|Any CPU.Build.0 = Release|Any CPU
		{89629700-D0C1-4794-A462-2D2AF3AA5B81}.Debug|Any CPU.ActiveCfg = Debug|Any CPU
		{89629700-D0C1-4794-A462-2D2AF3AA5B81}.Debug|Any CPU.Build.0 = Debug|Any CPU
		{89629700-D0C1-4794-A462-2D2AF3AA5B81}.Release|Any CPU.ActiveCfg = Release|Any CPU
		{89629700-D0C1-4794-A462-2D2AF3AA5B81}.Release|Any CPU.Build.0 = Release|Any CPU
		{6ED5028D-9267-4929-9778-AEF7E42253FA}.Debug|Any CPU.ActiveCfg = Debug|Any CPU
		{6ED5028D-9267-4929-9778-AEF7E42253FA}.Debug|Any CPU.Build.0 = Debug|Any CPU
		{6ED5028D-9267-4929-9778-AEF7E42253FA}.Release|Any CPU.ActiveCfg = Release|Any CPU
		{6ED5028D-9267-4929-9778-AEF7E42253FA}.Release|Any CPU.Build.0 = Release|Any CPU
	EndGlobalSection
	GlobalSection(SolutionProperties) = preSolution
		HideSolutionNode = FALSE
	EndGlobalSection
	GlobalSection(ExtensibilityGlobals) = postSolution
		SolutionGuid = {86D11005-14F7-4617-9FCD-98A54B5248C8}
	EndGlobalSection
EndGlobal
